{
  "lockfileVersion": 1,
  "configVersion": 0,
  "workspaces": {
    "": {
      "name": "docker-smtp-proxy",
      "dependencies": {
        "@hono/standard-validator": "^0.2.2",
        "@hono/swagger-ui": "^0.6.1",
        "@hono/zod-validator": "^0.8.0",
        "@scalar/hono-api-reference": "^0.10.20",
        "hono": "^4.12.23",
        "hono-openapi": "^1.3.0",
        "nodemailer": "^8.0.10",
        "zod": "^4.4.3",
        "zod-openapi": "^5.4.6",
      },
      "devDependencies": {
        "@types/bun": "^1.3.14",
        "@types/nodemailer": "^8.0.0",
        "typescript": "^6.0.3",
      },
    },
  },
  "packages": {
    "@hono/standard-validator": ["@hono/standard-validator@0.2.2", "", { "peerDependencies": { "@standard-schema/spec": "^1.0.0", "hono": ">=3.9.0" } }, "sha512-mJ7W84Bt/rSvoIl63Ynew+UZOHAzzRAoAXb3JaWuxAkM/Lzg+ZHTCUiz77KOtn2e623WNN8LkD57Dk0szqUrIw=="],

    "@hono/swagger-ui": ["@hono/swagger-ui@0.6.1", "", { "peerDependencies": { "hono": ">=4.0.0" } }, "sha512-sJTvldu1GPeEPfyeLG7gRj+W4vEuD+JDi+JjJ3TJs/DvMUtBLs0KJO5yokGegWWdy5qrbdnQGekbhgNRmPmYKQ=="],

    "@hono/zod-validator": ["@hono/zod-validator@0.8.0", "", { "peerDependencies": { "hono": ">=4.10.0", "zod": "^3.25.0 || ^4.0.0" } }, "sha512-5uS4S1/LKtZQYvD4BtpPUFkOv8d1wNxHHrChm26buMiEYc1FrHWvDUaKVBwkiVtvSExHSpLGDvcnpI2Copyj9w=="],

    "@scalar/client-side-rendering": ["@scalar/client-side-rendering@0.1.13", "", { "dependencies": { "@scalar/schemas": "0.3.3", "@scalar/types": "0.12.3", "@scalar/validation": "0.6.0" } }, "sha512-p8V4HgEWjaCpqsnhclg1pTfjE9JA0AWRr0ocBQHexoHo+pqnSs1d83Mv9rjH7R0FZJrlCSandZZeY3DMX2gYXQ=="],

    "@scalar/helpers": ["@scalar/helpers@0.8.1", "", {}, "sha512-yuiuBCadP5bjAnIv23QvifVN/NaMi9xBF6b8Wdk4QOzwzLPJmp699MAdf33J0A5i2qKcvnu32iz/VkEJmQRe5g=="],

    "@scalar/hono-api-reference": ["@scalar/hono-api-reference@0.10.20", "", { "dependencies": { "@scalar/client-side-rendering": "0.1.13" }, "peerDependencies": { "hono": "^4.12.5" } }, "sha512-/Ae0M9rOpsJJb5b121G8LX4vvBo1t2qFX1ffRKkTgCS9VWfpsfq11r0yBcYy1fmAn1x8YLO21Ls1/9h8LzHuDw=="],

    "@scalar/schemas": ["@scalar/schemas@0.3.3", "", { "dependencies": { "@scalar/helpers": "0.8.1", "@scalar/validation": "0.6.0" } }, "sha512-qDcgFu6ta5Z90L9D2P6DFKzYesU+FW5+m55SGmdI4iRMRCwj5umHpec2Y2W/SJcCF6bbUZawMxuOH2Ja6rUNpQ=="],

    "@scalar/types": ["@scalar/types@0.12.3", "", { "dependencies": { "@scalar/helpers": "0.8.1", "nanoid": "^5.1.6", "type-fest": "^5.3.1", "zod": "^4.3.5" } }, "sha512-7zaXafbgTFmsJ/9AwYeExUWzXoZNyKOL0SEVAUWRaOndcjxpFCtwzuPrc1elMEWdHopWbY1Qe5pWKbE2aqG2HA=="],

    "@scalar/validation": ["@scalar/validation@0.6.0", "", {}, "sha512-tpmmG+/xRE2Kn9RpflU3AIyZv08v10+E1ZrJCx7z6+/91zHVxy0M73kC1LT4/8PbYNt85ywyC8+n+D99JdMcGA=="],

    "@standard-community/standard-json": ["@standard-community/standard-json@0.3.5", "", { "peerDependencies": { "@standard-schema/spec": "^1.0.0", "@types/json-schema": "^7.0.15", "@valibot/to-json-schema": "^1.3.0", "arktype": "^2.1.20", "effect": "^3.16.8", "quansync": "^0.2.11", "sury": "^10.0.0", "typebox": "^1.0.17", "valibot": "^1.1.0", "zod": "^3.25.0 || ^4.0.0", "zod-to-json-schema": "^3.24.5" }, "optionalPeers": ["@valibot/to-json-schema", "arktype", "effect", "sury", "typebox", "valibot", "zod", "zod-to-json-schema"] }, "sha512-4+ZPorwDRt47i+O7RjyuaxHRK/37QY/LmgxlGrRrSTLYoFatEOzvqIc85GTlM18SFZ5E91C+v0o/M37wZPpUHA=="],

    "@standard-community/standard-openapi": ["@standard-community/standard-openapi@0.2.9", "", { "peerDependencies": { "@standard-community/standard-json": "^0.3.5", "@standard-schema/spec": "^1.0.0", "arktype": "^2.1.20", "effect": "^3.17.14", "openapi-types": "^12.1.3", "sury": "^10.0.0", "typebox": "^1.0.0", "valibot": "^1.1.0", "zod": "^3.25.0 || ^4.0.0", "zod-openapi": "^4" }, "optionalPeers": ["arktype", "effect", "sury", "typebox", "valibot", "zod", "zod-openapi"] }, "sha512-htj+yldvN1XncyZi4rehbf9kLbu8os2Ke/rfqoZHCMHuw34kiF3LP/yQPdA0tQ940y8nDq3Iou8R3wG+AGGyvg=="],

    "@standard-schema/spec": ["@standard-schema/spec@1.1.0", "", {}, "sha512-l2aFy5jALhniG5HgqrD6jXLi/rUWrKvqN/qJx6yoJsgKhblVd+iqqU4RCXavm/jPityDo5TCvKMnpjKnOriy0w=="],

    "@types/bun": ["@types/bun@1.3.14", "", { "dependencies": { "bun-types": "1.3.14" } }, "sha512-h1hFqFVcvAvD9j9K7ZW7vd82aSA+rTdznZa+5bwvCwqSB1jmmfLcbIWhOLx1/+boy/xmjgCs/OMUL8hRJSmnPw=="],

    "@types/json-schema": ["@types/json-schema@7.0.15", "", {}, "sha512-5+fP8P8MFNC+AyZCDxrB2pkZFPGzqQWUzpSeuuVLvm8VMcorNYavBqoFcxK8bQz4Qsbn4oUEEem4wDLfcysGHA=="],

    "@types/node": ["@types/node@24.0.12", "", { "dependencies": { "undici-types": "~7.8.0" } }, "sha512-LtOrbvDf5ndC9Xi+4QZjVL0woFymF/xSTKZKPgrrl7H7XoeDvnD+E2IclKVDyaK9UM756W/3BXqSU+JEHopA9g=="],

    "@types/nodemailer": ["@types/nodemailer@8.0.0", "", { "dependencies": { "@types/node": "*" } }, "sha512-fyf8jWULsCo0d0BuoQ75i6IeoHs47qcqxWc7yUdUcV0pOZGjUTTOvwdG1PRXUDqN/8A64yQdQdnA2pZgcdi+cA=="],

    "bun-types": ["bun-types@1.3.14", "", { "dependencies": { "@types/node": "*" } }, "sha512-4N0ig0fEomHt5R0KCFWjovxow98rIoRwKolrYdCcknNwMekCXRnWEUvgu5soYV8QXtVsrUD8B95MBOZGPvr6KQ=="],

    "hono": ["hono@4.12.23", "", {}, "sha512-eIaZ9qDgu7XV0pxOCrg7/WhnQ6Ivm22UcxhXx/A3dcbqbbYgBEkc6e/J/s7j2tS96zoB0S9VBdLwQNCWwUo4LA=="],

    "hono-openapi": ["hono-openapi@1.3.0", "", { "peerDependencies": { "@hono/standard-validator": "^0.2.0", "@standard-community/standard-json": "^0.3.5", "@standard-community/standard-openapi": "^0.2.9", "@types/json-schema": "^7.0.15", "hono": "^4.8.3", "openapi-types": "^12.1.3" }, "optionalPeers": ["@hono/standard-validator", "hono"] }, "sha512-xDvCWpWEIv0weEmnl3EjRQzqbHIO8LnfzMuYOCmbuyE5aes6aXxLg4vM3ybnoZD5TiTUkA6PuRQPJs3R7WRBig=="],

    "nanoid": ["nanoid@5.1.11", "", { "bin": { "nanoid": "bin/nanoid.js" } }, "sha512-v+KEsUv2ps74PaSKv0gHTxTCgMXOIfBEbaqa6w6ISIGC7ZsvHN4N9oJ8d4cmf0n5oTzQz2SLmThbQWhjd/8eKg=="],

    "nodemailer": ["nodemailer@8.0.10", "", {}, "sha512-BLFuSth7QtHOkBzyqTehWWyub0NTRDuK2Q2SQfnGLsrJnzyU+Yeh4WpV1eZGuARFj1xQJHIdnTuJZLP+b9R1GQ=="],

    "openapi-types": ["openapi-types@12.1.3", "", {}, "sha512-N4YtSYJqghVu4iek2ZUvcN/0aqH1kRDuNqzcycDxhOUpg7GdvLa2F3DgS6yBNhInhv2r/6I0Flkn7CqL8+nIcw=="],

    "quansync": ["quansync@0.2.11", "", {}, "sha512-AifT7QEbW9Nri4tAwR5M/uzpBuqfZf+zwaEM/QkzEjj7NBuFD2rBuy0K3dE+8wltbezDV7JMA0WfnCPYRSYbXA=="],

    "tagged-tag": ["tagged-tag@1.0.0", "", {}, "sha512-yEFYrVhod+hdNyx7g5Bnkkb0G6si8HJurOoOEgC8B/O0uXLHlaey/65KRv6cuWBNhBgHKAROVpc7QyYqE5gFng=="],

    "type-fest": ["type-fest@5.7.0", "", { "dependencies": { "tagged-tag": "^1.0.0" } }, "sha512-1URUxUqfHFM1c+zfSPsa3gnkO7Aq21qyH75SIduNYz4SzY964rn1X2vCMQaHSHhktiw+0kPa2iyb6PUpXqB6Vg=="],

    "typescript": ["typescript@6.0.3", "", { "bin": { "tsc": "bin/tsc", "tsserver": "bin/tsserver" } }, "sha512-y2TvuxSZPDyQakkFRPZHKFm+KKVqIisdg9/CZwm9ftvKXLP8NRWj38/ODjNbr43SsoXqNuAisEf1GdCxqWcdBw=="],

    "undici-types": ["undici-types@7.8.0", "", {}, "sha512-9UJ2xGDvQ43tYyVMpuHlsgApydB8ZKfVYTsLDhXkFL/6gfkp+U8xTGdh8pMJv1SpZna0zxG1DwsKZsreLbXBxw=="],

    "zod": ["zod@4.4.3", "", {}, "sha512-ytENFjIJFl2UwYglde2jchW2Hwm4GJFLDiSXWdTrJQBIN9Fcyp7n4DhxJEiWNAJMV1/BqWfW/kkg71UDcHJyTQ=="],

    "zod-openapi": ["zod-openapi@5.4.6", "", { "peerDependencies": { "zod": "^3.25.74 || ^4.0.0" } }, "sha512-P2jsOOBAq/6hCwUsMCjUATZ8szkMsV5VAwZENfyxp2Hc/XPJQpVwAgevWZc65xZauCwWB9LAn7zYeiCJFAEL+A=="],
  }
}
